
Microsoft Visual Studio Solution File, Format Version 12.00
# Visual Studio Version 16
VisualStudioVersion = 16.0.33801.447
MinimumVisualStudioVersion = 10.0.40219.1
Project("{FAE04EC0-301F-11D3-BF4B-00C04F79EFBC}") = "SampleDotNetApp", "SampleDotNetApp.csproj", "{75D757F7-577C-40C9-B87A-E7A2C8265717}"
EndProject
Global
	GlobalSection(SolutionConfigurationPlatforms) = preSolution
		Debug|Any CPU = Debug|Any CPU
		Release|Any CPU = Release|Any CPU
	EndGlobalSection
	GlobalSection(ProjectConfigurationPlatforms) = postSolution
		{75D757F7-577C-40C9-B87A-E7A2C8265717}.Debug|Any CPU.ActiveCfg = Debug|Any CPU
		{75D757F7-577C-40C9-B87A-E7A2C8265717}.Debug|Any CPU.Build.0 = Debug|Any CPU
		{75D757F7-577C-40C9-B87A-E7A2C8265717}.Release|Any CPU.ActiveCfg = Release|Any CPU
		{75D757F7-577C-40C9-B87A-E7A2C8265717}.Release|Any CPU.Build.0 = Release|Any CPU
	EndGlobalSection
	GlobalSection(SolutionProperties) = preSolution
		HideSolutionNode = FALSE
	EndGlobalSection
	GlobalSection(ExtensibilityGlobals) = postSolution
		SolutionGuid = {2208AEBD-F14E-4C3F-A6C5-23BFBC4F1A5F}
	EndGlobalSection
EndGlobal
